
Microsoft Visual Studio Solution File, Format Version 12.00
# Visual Studio Version 17
VisualStudioVersion = 17.11.35327.3
MinimumVisualStudioVersion = 10.0.40219.1
Project("{8BC9CEB8-8B4A-11D0-8D11-00A0C91BC942}") = "BTH03_KTLT_Files", "BTH03_KTLT_Files.vcxproj", "{C824199C-FF29-45AC-B1A8-04FB12086185}"
EndProject
Global
	GlobalSection(SolutionConfigurationPlatforms) = preSolution
		Debug|x64 = Debug|x64
		Debug|x86 = Debug|x86
		Release|x64 = Release|x64
		Release|x86 = Release|x86
	EndGlobalSection
	GlobalSection(ProjectConfigurationPlatforms) = postSolution
		{C824199C-FF29-45AC-B1A8-04FB12086185}.Debug|x64.ActiveCfg = Debug|x64
		{C824199C-FF29-45AC-B1A8-04FB12086185}.Debug|x64.Build.0 = Debug|x64
		{C824199C-FF29-45AC-B1A8-04FB12086185}.Debug|x86.ActiveCfg = Debug|Win32
		{C824199C-FF29-45AC-B1A8-04FB12086185}.Debug|x86.Build.0 = Debug|Win32
		{C824199C-FF29-45AC-B1A8-04FB12086185}.Release|x64.ActiveCfg = Release|x64
		{C824199C-FF29-45AC-B1A8-04FB12086185}.Release|x64.Build.0 = Release|x64
		{C824199C-FF29-45AC-B1A8-04FB12086185}.Release|x86.ActiveCfg = Release|Win32
		{C824199C-FF29-45AC-B1A8-04FB12086185}.Release|x86.Build.0 = Release|Win32
	EndGlobalSection
	GlobalSection(SolutionProperties) = preSolution
		HideSolutionNode = FALSE
	EndGlobalSection
	GlobalSection(ExtensibilityGlobals) = postSolution
		SolutionGuid = {C0315083-0328-4433-BF24-53E1A0DBF49E}
	EndGlobalSection
EndGlobal
